// !$*UTF8*$!
{
	archiveVersion = 1;
	classes = {
	};
	objectVersion = 46;
	objects = {

/* Begin PBXBuildFile section */
		CE562E511DBF372F00182AFD /* main.m in Sources */ = {isa = PBXBuildFile; fileRef = CE562E501DBF372F00182AFD /* main.m */; };
		CE562E541DBF372F00182AFD /* AppDelegate.m in Sources */ = {isa = PBXBuildFile; fileRef = CE562E531DBF372F00182AFD /* AppDelegate.m */; };
		CE562E571DBF372F00182AFD /* ViewController.m in Sources */ = {isa = PBXBuildFile; fileRef = CE562E561DBF372F00182AFD /* ViewController.m */; };
		CE562E5A1DBF372F00182AFD /* Main.storyboard in Resources */ = {isa = PBXBuildFile; fileRef = CE562E581DBF372F00182AFD /* Main.storyboard */; };
		CE562E5C1DBF372F00182AFD /* Assets.xcassets in Resources */ = {isa = PBXBuildFile; fileRef = CE562E5B1DBF372F00182AFD /* Assets.xcassets */; };
		CE562E5F1DBF372F00182AFD /* LaunchScreen.storyboard in Resources */ = {isa = PBXBuildFile; fileRef = CE562E5D1DBF372F00182AFD /* LaunchScreen.storyboard */; };
/* End PBXBuildFile section */

/* Begin PBXFileReference section */
		CE562E4C1DBF372F00182AFD /* test.app */ = {isa = PBXFileReference; explicitFileType = wrapper.application; includeInIndex = 0; path = test.app; sourceTree = BUILT_PRODUCTS_DIR; };
		CE562E501DBF372F00182AFD /* main.m */ = {isa = PBXFileReference; lastKnownFileType = sourcecode.c.objc; path = main.m; sourceTree = "<group>"; };
		CE562E521DBF372F00182AFD /* AppDelegate.h */ = {isa = PBXFileReference; lastKnownFileType = sourcecode.c.h; path = AppDelegate.h; sourceTree = "<group>"; };
		CE562E531DBF372F00182AFD /* AppDelegate.m */ = {isa = PBXFileReference; lastKnownFileType = sourcecode.c.objc; path = AppDelegate.m; sourceTree = "<group>"; };
		CE562E551DBF372F00182AFD /* ViewController.h */ = {isa = PBXFileReference; lastKnownFileType = sourcecode.c.h; path = ViewController.h; sourceTree = "<group>"; };
		CE562E561DBF372F00182AFD /* ViewController.m */ = {isa = PBXFileReference; lastKnownFileType = sourcecode.c.objc; path = ViewController.m; sourceTree = "<group>"; };
		CE562E591DBF372F00182AFD /* Base */ = {isa = PBXFileReference; lastKnownFileType = file.storyboard; name = Base; path = Base.lproj/Main.storyboard; sourceTree = "<group>"; };
		CE562E5B1DBF372F00182AFD /* Assets.xcassets */ = {isa = PBXFileReference; lastKnownFileType = folder.assetcatalog; path = Assets.xcassets; sourceTree = "<group>"; };
		CE562E5E1DBF372F00182AFD /* Base */ = {isa = PBXFileReference; lastKnownFileType = file.storyboard; name = Base; path = Base.lproj/LaunchScreen.storyboard; sourceTree = "<group>"; };
		CE562E601DBF372F00182AFD /* Info.plist */ = {isa = PBXFileReference; lastKnownFileType = text.plist.xml; path = Info.plist; sourceTree = "<group>"; };
/* End PBXFileReference section */

/* Begin PBXFrameworksBuildPhase section */
		CE562E491DBF372F00182AFD /* Frameworks */ = {
			isa = PBXFrameworksBuildPhase;
			buildActionMask = 2147483647;
			files = (
			);
			runOnlyForDeploymentPostprocessing = 0;
		};
/* End PBXFrameworksBuildPhase section */

/* Begin PBXGroup section */
		CE562E431DBF372F00182AFD = {
			isa = PBXGroup;
			children = (
				CE562E4E1DBF372F00182AFD /* test */,
				CE562E4D1DBF372F00182AFD /* Products */,
			);
			sourceTree = "<group>";
		};
		CE562E4D1DBF372F00182AFD /* Products */ = {
			isa = PBXGroup;
			children = (
				CE562E4C1DBF372F00182AFD /* test.app */,
			);
			name = Products;
			sourceTree = "<group>";
		};
		CE562E4E1DBF372F00182AFD /* test */ = {
			isa = PBXGroup;
			children = (
				CE562E521DBF372F00182AFD /* AppDelegate.h */,
				CE562E531DBF372F00182AFD /* AppDelegate.m */,
				CE562E551DBF372F00182AFD /* ViewController.h */,
				CE562E561DBF372F00182AFD /* ViewController.m */,
				CE562E581DBF372F00182AFD /* Main.storyboard */,
				CE562E5B1DBF372F00182AFD /* Assets.xcassets */,
				CE562E5D1DBF372F00182AFD /* LaunchScreen.storyboard */,
				CE562E601DBF372F00182AFD /* Info.plist */,
				CE562E4F1DBF372F00182AFD /* Supporting Files */,
			);
			path = test;
			sourceTree = "<group>";
		};
		CE562E4F1DBF372F00182AFD /* Supporting Files */ = {
			isa = PBXGroup;
			children = (
				CE562E501DBF372F00182AFD /* main.m */,
			);
			name = "Supporting Files";
			sourceTree = "<group>";
		};
/* End PBXGroup section */

/* Begin PBXNativeTarget section */
		CE562E4B1DBF372F00182AFD /* test */ = {
			isa = PBXNativeTarget;
			buildConfigurationList = CE562E631DBF372F00182AFD /* Build configuration list for PBXNativeTarget "test" */;
			buildPhases = (
				CE562E481DBF372F00182AFD /* Sources */,
				CE562E491DBF372F00182AFD /* Frameworks */,
				CE562E4A1DBF372F00182AFD /* Resources */,
			);
			buildRules = (
			);
			dependencies = (
			);
			name = test;
			productName = test;
			productReference = CE562E4C1DBF372F00182AFD /* test.app */;
			productType = "com.apple.product-type.application";
		};
/* End PBXNativeTarget section */

/* Begin PBXProject section */
		CE562E441DBF372F00182AFD /* Project object */ = {
			isa = PBXProject;
			attributes = {
				LastUpgradeCheck = 0800;
				ORGANIZATIONNAME = Chinamobo;
				TargetAttributes = {
					CE562E4B1DBF372F00182AFD = {
						CreatedOnToolsVersion = 8.0;
						DevelopmentTeam = 32GVVZMZN3;
						ProvisioningStyle = Automatic;
					};
				};
			};
			buildConfigurationList = CE562E471DBF372F00182AFD /* Build configuration list for PBXProject "test" */;
			compatibilityVersion = "Xcode 3.2";
			developmentRegion = English;
			hasScannedForEncodings = 0;
			knownRegions = (
				en,
				Base,
			);
			mainGroup = CE562E431DBF372F00182AFD;
			productRefGroup = CE562E4D1DBF372F00182AFD /* Products */;
			projectDirPath = "";
			projectRoot = "";
			targets = (
				CE562E4B1DBF372F00182AFD /* test */,
			);
		};
/* End PBXProject section */

/* Begin PBXResourcesBuildPhase section */
		CE562E4A1DBF372F00182AFD /* Resources */ = {
			isa = PBXResourcesBuildPhase;
			buildActionMask = 2147483647;
			files = (
				CE562E5F1DBF372F00182AFD /* LaunchScreen.storyboard in Resources */,
				CE562E5C1DBF372F00182AFD /* Assets.xcassets in Resources */,
				CE562E5A1DBF372F00182AFD /* Main.storyboard in Resources */,
			);
			runOnlyForDeploymentPostprocessing = 0;
		};
/* End PBXResourcesBuildPhase section */

/* Begin PBXSourcesBuildPhase section */
		CE562E481DBF372F00182AFD /* Sources */ = {
			isa = PBXSourcesBuildPhase;
			buildActionMask = 2147483647;
			files = (
				CE562E571DBF372F00182AFD /* ViewController.m in Sources */,
				CE562E541DBF372F00182AFD /* AppDelegate.m in Sources */,
				CE562E511DBF372F00182AFD /* main.m in Sources */,
			);
			runOnlyForDeploymentPostprocessing = 0;
		};
/* End PBXSourcesBuildPhase section */

/* Begin PBXVariantGroup section */
		CE562E581DBF372F00182AFD /* Main.storyboard */ = {
			isa = PBXVariantGroup;
			children = (
				CE562E591DBF372F00182AFD /* Base */,
			);
			name = Main.storyboard;
			sourceTree = "<group>";
		};
		CE562E5D1DBF372F00182AFD /* LaunchScreen.storyboard */ = {
			isa = PBXVariantGroup;
			children = (
				CE562E5E1DBF372F00182AFD /* Base */,
			);
			name = LaunchScreen.storyboard;
			sourceTree = "<group>";
		};
/* End PBXVariantGroup section */

/* Begin XCBuildConfiguration section */
		CE562E611DBF372F00182AFD /* Debug */ = {
			isa = XCBuildConfiguration;
			buildSettings = {
				ALWAYS_SEARCH_USER_PATHS = NO;
				CLANG_ANALYZER_NONNULL = YES;
				CLANG_CXX_LANGUAGE_STANDARD = "gnu++0x";
				CLANG_CXX_LIBRARY = "libc++";
				CLANG_ENABLE_MODULES = YES;
				CLANG_ENABLE_OBJC_ARC = YES;
				CLANG_WARN_BOOL_CONVERSION = YES;
				CLANG_WARN_CONSTANT_CONVERSION = YES;
				CLANG_WARN_DIRECT_OBJC_ISA_USAGE = YES_ERROR;
				CLANG_WARN_DOCUMENTATION_COMMENTS = YES;
				CLANG_WARN_EMPTY_BODY = YES;
				CLANG_WARN_ENUM_CONVERSION = YES;
				CLANG_WARN_INFINITE_RECURSION = YES;
				CLANG_WARN_INT_CONVERSION = YES;
				CLANG_WARN_OBJC_ROOT_CLASS = YES_ERROR;
				CLANG_WARN_SUSPICIOUS_MOVES = YES;
				CLANG_WARN_UNREACHABLE_CODE = YES;
				CLANG_WARN__DUPLICATE_METHOD_MATCH = YES;
				"CODE_SIGN_IDENTITY[sdk=iphoneos*]" = "iPhone Developer";
				COPY_PHASE_STRIP = NO;
				DEBUG_INFORMATION_FORMAT = dwarf;
				ENABLE_STRICT_OBJC_MSGSEND = YES;
				ENABLE_TESTABILITY = YES;
				GCC_C_LANGUAGE_STANDARD = gnu99;
				GCC_DYNAMIC_NO_PIC = NO;
				GCC_NO_COMMON_BLOCKS = YES;
				GCC_OPTIMIZATION_LEVEL = 0;
				GCC_PREPROCESSOR_DEFINITIONS = (
					"DEBUG=1",
					"$(inherited)",
				);
				GCC_WARN_64_TO_32_BIT_CONVERSION = YES;
				GCC_WARN_ABOUT_RETURN_TYPE = YES_ERROR;
				GCC_WARN_UNDECLARED_SELECTOR = YES;
				GCC_WARN_UNINITIALIZED_AUTOS = YES_AGGRESSIVE;
				GCC_WARN_UNUSED_FUNCTION = YES;
				GCC_WARN_UNUSED_VARIABLE = YES;
				IPHONEOS_DEPLOYMENT_TARGET = 10.0;
				MTL_ENABLE_DEBUG_INFO = YES;
				ONLY_ACTIVE_ARCH = YES;
				SDKROOT = iphoneos;
				TARGETED_DEVICE_FAMILY = "1,2";
			};
			name = Debug;
		};
		CE562E621DBF372F00182AFD /* Release */ = {
			isa = XCBuildConfiguration;
			buildSettings = {
				ALWAYS_SEARCH_USER_PATHS = NO;
				CLANG_ANALYZER_NONNULL = YES;
				CLANG_CXX_LANGUAGE_STANDARD = "gnu++0x";
				CLANG_CXX_LIBRARY = "libc++";
				CLANG_ENABLE_MODULES = YES;
				CLANG_ENABLE_OBJC_ARC = YES;
				CLANG_WARN_BOOL_CONVERSION = YES;
				CLANG_WARN_CONSTANT_CONVERSION = YES;
				CLANG_WARN_DIRECT_OBJC_ISA_USAGE = YES_ERROR;
				CLANG_WARN_DOCUMENTATION_COMMENTS = YES;
				CLANG_WARN_EMPTY_BODY = YES;
				CLANG_WARN_ENUM_CONVERSION = YES;
				CLANG_WARN_INFINITE_RECURSION = YES;
				CLANG_WARN_INT_CONVERSION = YES;
				CLANG_WARN_OBJC_ROOT_CLASS = YES_ERROR;
				CLANG_WARN_SUSPICIOUS_MOVES = YES;
				CLANG_WARN_UNREACHABLE_CODE = YES;
				CLANG_WARN__DUPLICATE_METHOD_MATCH = YES;
				"CODE_SIGN_IDENTITY[sdk=iphoneos*]" = "iPhone Developer";
				COPY_PHASE_STRIP = NO;
				DEBUG_INFORMATION_FORMAT = "dwarf-with-dsym";
				ENABLE_NS_ASSERTIONS = NO;
				ENABLE_STRICT_OBJC_MSGSEND = YES;
				GCC_C_LANGUAGE_STANDARD = gnu99;
				GCC_NO_COMMON_BLOCKS = YES;
				GCC_WARN_64_TO_32_BIT_CONVERSION = YES;
				GCC_WARN_ABOUT_RETURN_TYPE = YES_ERROR;
				GCC_WARN_UNDECLARED_SELECTOR = YES;
				GCC_WARN_UNINITIALIZED_AUTOS = YES_AGGRESSIVE;
				GCC_WARN_UNUSED_FUNCTION = YES;
				GCC_WARN_UNUSED_VARIABLE = YES;
				IPHONEOS_DEPLOYMENT_TARGET = 10.0;
				MTL_ENABLE_DEBUG_INFO = NO;
				SDKROOT = iphoneos;
				TARGETED_DEVICE_FAMILY = "1,2";
				VALIDATE_PRODUCT = YES;
			};
			name = Release;
		};
		CE562E641DBF372F00182AFD /* Debug */ = {
			isa = XCBuildConfiguration;
			buildSettings = {
				ASSETCATALOG_COMPILER_APPICON_NAME = AppIcon;
				DEVELOPMENT_TEAM = 32GVVZMZN3;
				INFOPLIST_FILE = test/Info.plist;
				LD_RUNPATH_SEARCH_PATHS = "$(inherited) @executable_path/Frameworks";
				PRODUCT_BUNDLE_IDENTIFIER = com.chinamobo.test;
				PRODUCT_NAME = "$(TARGET_NAME)";
			};
			name = Debug;
		};
		CE562E651DBF372F00182AFD /* Release */ = {
			isa = XCBuildConfiguration;
			buildSettings = {
				ASSETCATALOG_COMPILER_APPICON_NAME = AppIcon;
				DEVELOPMENT_TEAM = 32GVVZMZN3;
				INFOPLIST_FILE = test/Info.plist;
				LD_RUNPATH_SEARCH_PATHS = "$(inherited) @executable_path/Frameworks";
				PRODUCT_BUNDLE_IDENTIFIER = com.chinamobo.test;
				PRODUCT_NAME = "$(TARGET_NAME)";
			};
			name = Release;
		};
/* End XCBuildConfiguration section */

/* Begin XCConfigurationList section */
		CE562E471DBF372F00182AFD /* Build configuration list for PBXProject "test" */ = {
			isa = XCConfigurationList;
			buildConfigurations = (
				CE562E611DBF372F00182AFD /* Debug */,
				CE562E621DBF372F00182AFD /* Release */,
			);
			defaultConfigurationIsVisible = 0;
			defaultConfigurationName = Release;
		};
		CE562E631DBF372F00182AFD /* Build configuration list for PBXNativeTarget "test" */ = {
			isa = XCConfigurationList;
			buildConfigurations = (
				CE562E641DBF372F00182AFD /* Debug */,
				CE562E651DBF372F00182AFD /* Release */,
			);
			defaultConfigurationIsVisible = 0;
		};
/* End XCConfigurationList section */
	};
	rootObject = CE562E441DBF372F00182AFD /* Project object */;
}
